
Microsoft Visual Studio Solution File, Format Version 12.00
# Visual Studio 15
VisualStudioVersion = 15.0.26124.0
MinimumVisualStudioVersion = 15.0.26124.0
Project("{2150E333-8FDC-42A3-9474-1A3956D46DE8}") = "src", "src", "{38168BB2-F114-4A98-9C06-47E5CA45A97C}"
EndProject
Project("{FAE04EC0-301F-11D3-BF4B-00C04F79EFBC}") = "SpanReaderSpike", "src\SpanReaderSpike\SpanReaderSpike.csproj", "{C6023624-093C-409D-9012-B2B896B01949}"
EndProject
Project("{2150E333-8FDC-42A3-9474-1A3956D46DE8}") = "test", "test", "{EC3F99FD-5DED-412A-9BD7-42372258AFFC}"
EndProject
Project("{FAE04EC0-301F-11D3-BF4B-00C04F79EFBC}") = "SpanReaderTests", "test\SpanReaderTests\SpanReaderTests.csproj", "{1BD98A66-47A2-405A-8807-D5498F98F482}"
EndProject
Global
	GlobalSection(SolutionConfigurationPlatforms) = preSolution
		Debug|Any CPU = Debug|Any CPU
		Debug|x64 = Debug|x64
		Debug|x86 = Debug|x86
		Release|Any CPU = Release|Any CPU
		Release|x64 = Release|x64
		Release|x86 = Release|x86
	EndGlobalSection
	GlobalSection(SolutionProperties) = preSolution
		HideSolutionNode = FALSE
	EndGlobalSection
	GlobalSection(ProjectConfigurationPlatforms) = postSolution
		{C6023624-093C-409D-9012-B2B896B01949}.Debug|Any CPU.ActiveCfg = Debug|Any CPU
		{C6023624-093C-409D-9012-B2B896B01949}.Debug|Any CPU.Build.0 = Debug|Any CPU
		{C6023624-093C-409D-9012-B2B896B01949}.Debug|x64.ActiveCfg = Debug|Any CPU
		{C6023624-093C-409D-9012-B2B896B01949}.Debug|x64.Build.0 = Debug|Any CPU
		{C6023624-093C-409D-9012-B2B896B01949}.Debug|x86.ActiveCfg = Debug|Any CPU
		{C6023624-093C-409D-9012-B2B896B01949}.Debug|x86.Build.0 = Debug|Any CPU
		{C6023624-093C-409D-9012-B2B896B01949}.Release|Any CPU.ActiveCfg = Release|Any CPU
		{C6023624-093C-409D-9012-B2B896B01949}.Release|Any CPU.Build.0 = Release|Any CPU
		{C6023624-093C-409D-9012-B2B896B01949}.Release|x64.ActiveCfg = Release|Any CPU
		{C6023624-093C-409D-9012-B2B896B01949}.Release|x64.Build.0 = Release|Any CPU
		{C6023624-093C-409D-9012-B2B896B01949}.Release|x86.ActiveCfg = Release|Any CPU
		{C6023624-093C-409D-9012-B2B896B01949}.Release|x86.Build.0 = Release|Any CPU
		{1BD98A66-47A2-405A-8807-D5498F98F482}.Debug|Any CPU.ActiveCfg = Debug|Any CPU
		{1BD98A66-47A2-405A-8807-D5498F98F482}.Debug|Any CPU.Build.0 = Debug|Any CPU
		{1BD98A66-47A2-405A-8807-D5498F98F482}.Debug|x64.ActiveCfg = Debug|Any CPU
		{1BD98A66-47A2-405A-8807-D5498F98F482}.Debug|x64.Build.0 = Debug|Any CPU
		{1BD98A66-47A2-405A-8807-D5498F98F482}.Debug|x86.ActiveCfg = Debug|Any CPU
		{1BD98A66-47A2-405A-8807-D5498F98F482}.Debug|x86.Build.0 = Debug|Any CPU
		{1BD98A66-47A2-405A-8807-D5498F98F482}.Release|Any CPU.ActiveCfg = Release|Any CPU
		{1BD98A66-47A2-405A-8807-D5498F98F482}.Release|Any CPU.Build.0 = Release|Any CPU
		{1BD98A66-47A2-405A-8807-D5498F98F482}.Release|x64.ActiveCfg = Release|Any CPU
		{1BD98A66-47A2-405A-8807-D5498F98F482}.Release|x64.Build.0 = Release|Any CPU
		{1BD98A66-47A2-405A-8807-D5498F98F482}.Release|x86.ActiveCfg = Release|Any CPU
		{1BD98A66-47A2-405A-8807-D5498F98F482}.Release|x86.Build.0 = Release|Any CPU
	EndGlobalSection
	GlobalSection(NestedProjects) = preSolution
		{C6023624-093C-409D-9012-B2B896B01949} = {38168BB2-F114-4A98-9C06-47E5CA45A97C}
		{1BD98A66-47A2-405A-8807-D5498F98F482} = {EC3F99FD-5DED-412A-9BD7-42372258AFFC}
	EndGlobalSection
EndGlobal
